
Microsoft Visual Studio Solution File, Format Version 12.00
# Visual Studio Version 17
VisualStudioVersion = 17.0.32112.339
MinimumVisualStudioVersion = 10.0.40219.1
Project("{FAE04EC0-301F-11D3-BF4B-00C04F79EFBC}") = "AlbumCollection", "AlbumCollection\AlbumCollection.csproj", "{EAD73FCE-5C93-4952-AE06-5DD380FDA3D2}"
EndProject
Global
	GlobalSection(SolutionConfigurationPlatforms) = preSolution
		Debug|Any CPU = Debug|Any CPU
		Release|Any CPU = Release|Any CPU
	EndGlobalSection
	GlobalSection(ProjectConfigurationPlatforms) = postSolution
		{EAD73FCE-5C93-4952-AE06-5DD380FDA3D2}.Debug|Any CPU.ActiveCfg = Debug|Any CPU
		{EAD73FCE-5C93-4952-AE06-5DD380FDA3D2}.Debug|Any CPU.Build.0 = Debug|Any CPU
		{EAD73FCE-5C93-4952-AE06-5DD380FDA3D2}.Release|Any CPU.ActiveCfg = Release|Any CPU
		{EAD73FCE-5C93-4952-AE06-5DD380FDA3D2}.Release|Any CPU.Build.0 = Release|Any CPU
	EndGlobalSection
	GlobalSection(SolutionProperties) = preSolution
		HideSolutionNode = FALSE
	EndGlobalSection
	GlobalSection(ExtensibilityGlobals) = postSolution
		SolutionGuid = {9A83D7AD-8712-4E66-9333-029F99272C9D}
	EndGlobalSection
EndGlobal
